// !$*UTF8*$!
{
	archiveVersion = 1;
	classes = {
	};
	objectVersion = 55;
	objects = {

/* Begin PBXBuildFile section */
		C6A7AD7427CE541700851AA9 /* ANavigationBarView.swift in Sources */ = {isa = PBXBuildFile; fileRef = C6A7AD7327CE541700851AA9 /* ANavigationBarView.swift */; };
		C6A7AD7727CE577000851AA9 /* DetailView.swift in Sources */ = {isa = PBXBuildFile; fileRef = C6A7AD7627CE577000851AA9 /* DetailView.swift */; };
		C6A7AD7927CE578800851AA9 /* DetailCore.swift in Sources */ = {isa = PBXBuildFile; fileRef = C6A7AD7827CE578800851AA9 /* DetailCore.swift */; };
		C6A7AD7B27CE58F200851AA9 /* UINavigationController+.swift in Sources */ = {isa = PBXBuildFile; fileRef = C6A7AD7A27CE58F200851AA9 /* UINavigationController+.swift */; };
		C6A7AD7E27CE5C6D00851AA9 /* FavoriteButton.swift in Sources */ = {isa = PBXBuildFile; fileRef = C6A7AD7D27CE5C6D00851AA9 /* FavoriteButton.swift */; };
		C6A7AD8027CE5CA400851AA9 /* FavoriteButtonCore.swift in Sources */ = {isa = PBXBuildFile; fileRef = C6A7AD7F27CE5CA400851AA9 /* FavoriteButtonCore.swift */; };
		C6B6A1EC27CE694E00C4303F /* PriceView.swift in Sources */ = {isa = PBXBuildFile; fileRef = C6B6A1EB27CE694E00C4303F /* PriceView.swift */; };
		C6DA630C27C7D03D00E6DD98 /* Color+.swift in Sources */ = {isa = PBXBuildFile; fileRef = C6DA630B27C7D03D00E6DD98 /* Color+.swift */; };
		C6DA630E27C7D47400E6DD98 /* Font+.swift in Sources */ = {isa = PBXBuildFile; fileRef = C6DA630D27C7D47400E6DD98 /* Font+.swift */; };
		D10E600B27D0844600B68BCF /* TickerRowView.swift in Sources */ = {isa = PBXBuildFile; fileRef = D10E600A27D0844600B68BCF /* TickerRowView.swift */; };
		D10E600D27D0850B00B68BCF /* TickerRowCore.swift in Sources */ = {isa = PBXBuildFile; fileRef = D10E600C27D0850B00B68BCF /* TickerRowCore.swift */; };
		D10E601327D0875100B68BCF /* FlatLinkStyle.swift in Sources */ = {isa = PBXBuildFile; fileRef = D10E601227D0875100B68BCF /* FlatLinkStyle.swift */; };
		D15D4FAF27D0905700E5E687 /* Ticker.swift in Sources */ = {isa = PBXBuildFile; fileRef = D15D4FAE27D0905700E5E687 /* Ticker.swift */; };
		D17C652527C52800007705A7 /* BithumbAwesomeApp.swift in Sources */ = {isa = PBXBuildFile; fileRef = D17C652427C52800007705A7 /* BithumbAwesomeApp.swift */; };
		D17C652727C52800007705A7 /* AppView.swift in Sources */ = {isa = PBXBuildFile; fileRef = D17C652627C52800007705A7 /* AppView.swift */; };
		D17C652927C52803007705A7 /* Assets.xcassets in Resources */ = {isa = PBXBuildFile; fileRef = D17C652827C52803007705A7 /* Assets.xcassets */; };
		D17C652C27C52803007705A7 /* Preview Assets.xcassets in Resources */ = {isa = PBXBuildFile; fileRef = D17C652B27C52803007705A7 /* Preview Assets.xcassets */; };
		D17C653427C52871007705A7 /* Alamofire in Frameworks */ = {isa = PBXBuildFile; productRef = D17C653327C52871007705A7 /* Alamofire */; };
		D17C653727C5294D007705A7 /* Starscream in Frameworks */ = {isa = PBXBuildFile; productRef = D17C653627C5294D007705A7 /* Starscream */; };
		D17C653A27C529B6007705A7 /* Charts in Frameworks */ = {isa = PBXBuildFile; productRef = D17C653927C529B6007705A7 /* Charts */; };
		D17C653D27C52B01007705A7 /* TabBar in Frameworks */ = {isa = PBXBuildFile; productRef = D17C653C27C52B01007705A7 /* TabBar */; };
		D1847FF527CA736100213DD0 /* ComposableArchitecture in Frameworks */ = {isa = PBXBuildFile; productRef = D1847FF427CA736100213DD0 /* ComposableArchitecture */; };
		D184800027CA759B00213DD0 /* AppCore.swift in Sources */ = {isa = PBXBuildFile; fileRef = D1847FFF27CA759B00213DD0 /* AppCore.swift */; };
		D184800227CA75B400213DD0 /* HomeView.swift in Sources */ = {isa = PBXBuildFile; fileRef = D184800127CA75B400213DD0 /* HomeView.swift */; };
		D184800427CA75BE00213DD0 /* HomeCore.swift in Sources */ = {isa = PBXBuildFile; fileRef = D184800327CA75BE00213DD0 /* HomeCore.swift */; };
		D184800627CA75C700213DD0 /* AssetView.swift in Sources */ = {isa = PBXBuildFile; fileRef = D184800527CA75C700213DD0 /* AssetView.swift */; };
		D184800827CA75D000213DD0 /* AseetCore.swift in Sources */ = {isa = PBXBuildFile; fileRef = D184800727CA75D000213DD0 /* AseetCore.swift */; };
		D184800A27CA75E000213DD0 /* SettingView.swift in Sources */ = {isa = PBXBuildFile; fileRef = D184800927CA75E000213DD0 /* SettingView.swift */; };
		D184800C27CA75EA00213DD0 /* SettingCore.swift in Sources */ = {isa = PBXBuildFile; fileRef = D184800B27CA75EA00213DD0 /* SettingCore.swift */; };
		D184800E27CA781500213DD0 /* AwesomeTabItemStyle.swift in Sources */ = {isa = PBXBuildFile; fileRef = D184800D27CA781500213DD0 /* AwesomeTabItemStyle.swift */; };
		D184801027CA782B00213DD0 /* AwesomeTabBarStyle.swift in Sources */ = {isa = PBXBuildFile; fileRef = D184800F27CA782B00213DD0 /* AwesomeTabBarStyle.swift */; };
		D184809827CD105200213DD0 /* Image+.swift in Sources */ = {isa = PBXBuildFile; fileRef = D184809727CD105200213DD0 /* Image+.swift */; };
		D184809C27CD120100213DD0 /* AwesomeTabType.swift in Sources */ = {isa = PBXBuildFile; fileRef = D184809B27CD120100213DD0 /* AwesomeTabType.swift */; };
		D184809F27CD186000213DD0 /* AwesomeButtonType.swift in Sources */ = {isa = PBXBuildFile; fileRef = D184809E27CD186000213DD0 /* AwesomeButtonType.swift */; };
		D18480A127CD191D00213DD0 /* AwesomeButtonStyle.swift in Sources */ = {isa = PBXBuildFile; fileRef = D18480A027CD191D00213DD0 /* AwesomeButtonStyle.swift */; };
		D18480A327CD19E900213DD0 /* RadioButtonView.swift in Sources */ = {isa = PBXBuildFile; fileRef = D18480A227CD19E900213DD0 /* RadioButtonView.swift */; };
		D1C47B4F27CE76400006B7A3 /* ChartView.swift in Sources */ = {isa = PBXBuildFile; fileRef = D1C47B4E27CE76400006B7A3 /* ChartView.swift */; };
		D1C47B5127CE76480006B7A3 /* QuoteView.swift in Sources */ = {isa = PBXBuildFile; fileRef = D1C47B5027CE76480006B7A3 /* QuoteView.swift */; };
		D1C47B5327CE76530006B7A3 /* ConclusionView.swift in Sources */ = {isa = PBXBuildFile; fileRef = D1C47B5227CE76530006B7A3 /* ConclusionView.swift */; };
		D1C47B5527CE76650006B7A3 /* ChartStore.swift in Sources */ = {isa = PBXBuildFile; fileRef = D1C47B5427CE76650006B7A3 /* ChartStore.swift */; };
		D1C47B5727CE766E0006B7A3 /* QuoteStore.swift in Sources */ = {isa = PBXBuildFile; fileRef = D1C47B5627CE766E0006B7A3 /* QuoteStore.swift */; };
		D1C47B5927CE76760006B7A3 /* ConclusionStore.swift in Sources */ = {isa = PBXBuildFile; fileRef = D1C47B5827CE76760006B7A3 /* ConclusionStore.swift */; };
		D1D952B027D08EFC00149BEC /* TickerResponse.swift in Sources */ = {isa = PBXBuildFile; fileRef = D1D952AF27D08EFC00149BEC /* TickerResponse.swift */; };
		D1D952B227D08F6D00149BEC /* HomeService.swift in Sources */ = {isa = PBXBuildFile; fileRef = D1D952B127D08F6D00149BEC /* HomeService.swift */; };
/* End PBXBuildFile section */

/* Begin PBXFileReference section */
		C6A7AD7327CE541700851AA9 /* ANavigationBarView.swift */ = {isa = PBXFileReference; lastKnownFileType = sourcecode.swift; path = ANavigationBarView.swift; sourceTree = "<group>"; };
		C6A7AD7627CE577000851AA9 /* DetailView.swift */ = {isa = PBXFileReference; lastKnownFileType = sourcecode.swift; path = DetailView.swift; sourceTree = "<group>"; };
		C6A7AD7827CE578800851AA9 /* DetailCore.swift */ = {isa = PBXFileReference; lastKnownFileType = sourcecode.swift; path = DetailCore.swift; sourceTree = "<group>"; };
		C6A7AD7A27CE58F200851AA9 /* UINavigationController+.swift */ = {isa = PBXFileReference; lastKnownFileType = sourcecode.swift; path = "UINavigationController+.swift"; sourceTree = "<group>"; };
		C6A7AD7D27CE5C6D00851AA9 /* FavoriteButton.swift */ = {isa = PBXFileReference; lastKnownFileType = sourcecode.swift; path = FavoriteButton.swift; sourceTree = "<group>"; };
		C6A7AD7F27CE5CA400851AA9 /* FavoriteButtonCore.swift */ = {isa = PBXFileReference; lastKnownFileType = sourcecode.swift; path = FavoriteButtonCore.swift; sourceTree = "<group>"; };
		C6B6A1EB27CE694E00C4303F /* PriceView.swift */ = {isa = PBXFileReference; lastKnownFileType = sourcecode.swift; path = PriceView.swift; sourceTree = "<group>"; };
		C6DA630B27C7D03D00E6DD98 /* Color+.swift */ = {isa = PBXFileReference; lastKnownFileType = sourcecode.swift; path = "Color+.swift"; sourceTree = "<group>"; };
		C6DA630D27C7D47400E6DD98 /* Font+.swift */ = {isa = PBXFileReference; lastKnownFileType = sourcecode.swift; path = "Font+.swift"; sourceTree = "<group>"; };
		D10E600A27D0844600B68BCF /* TickerRowView.swift */ = {isa = PBXFileReference; lastKnownFileType = sourcecode.swift; path = TickerRowView.swift; sourceTree = "<group>"; };
		D10E600C27D0850B00B68BCF /* TickerRowCore.swift */ = {isa = PBXFileReference; lastKnownFileType = sourcecode.swift; path = TickerRowCore.swift; sourceTree = "<group>"; };
		D10E601227D0875100B68BCF /* FlatLinkStyle.swift */ = {isa = PBXFileReference; lastKnownFileType = sourcecode.swift; path = FlatLinkStyle.swift; sourceTree = "<group>"; };
		D15D4FAE27D0905700E5E687 /* Ticker.swift */ = {isa = PBXFileReference; lastKnownFileType = sourcecode.swift; path = Ticker.swift; sourceTree = "<group>"; };
		D17C652127C52800007705A7 /* BithumbAwesome.app */ = {isa = PBXFileReference; explicitFileType = wrapper.application; includeInIndex = 0; path = BithumbAwesome.app; sourceTree = BUILT_PRODUCTS_DIR; };
		D17C652427C52800007705A7 /* BithumbAwesomeApp.swift */ = {isa = PBXFileReference; lastKnownFileType = sourcecode.swift; path = BithumbAwesomeApp.swift; sourceTree = "<group>"; };
		D17C652627C52800007705A7 /* AppView.swift */ = {isa = PBXFileReference; lastKnownFileType = sourcecode.swift; path = AppView.swift; sourceTree = "<group>"; };
		D17C652827C52803007705A7 /* Assets.xcassets */ = {isa = PBXFileReference; lastKnownFileType = folder.assetcatalog; path = Assets.xcassets; sourceTree = "<group>"; };
		D17C652B27C52803007705A7 /* Preview Assets.xcassets */ = {isa = PBXFileReference; lastKnownFileType = folder.assetcatalog; path = "Preview Assets.xcassets"; sourceTree = "<group>"; };
		D1847FFF27CA759B00213DD0 /* AppCore.swift */ = {isa = PBXFileReference; lastKnownFileType = sourcecode.swift; path = AppCore.swift; sourceTree = "<group>"; };
		D184800127CA75B400213DD0 /* HomeView.swift */ = {isa = PBXFileReference; lastKnownFileType = sourcecode.swift; path = HomeView.swift; sourceTree = "<group>"; };
		D184800327CA75BE00213DD0 /* HomeCore.swift */ = {isa = PBXFileReference; lastKnownFileType = sourcecode.swift; path = HomeCore.swift; sourceTree = "<group>"; };
		D184800527CA75C700213DD0 /* AssetView.swift */ = {isa = PBXFileReference; lastKnownFileType = sourcecode.swift; path = AssetView.swift; sourceTree = "<group>"; };
		D184800727CA75D000213DD0 /* AseetCore.swift */ = {isa = PBXFileReference; lastKnownFileType = sourcecode.swift; path = AseetCore.swift; sourceTree = "<group>"; };
		D184800927CA75E000213DD0 /* SettingView.swift */ = {isa = PBXFileReference; lastKnownFileType = sourcecode.swift; path = SettingView.swift; sourceTree = "<group>"; };
		D184800B27CA75EA00213DD0 /* SettingCore.swift */ = {isa = PBXFileReference; lastKnownFileType = sourcecode.swift; path = SettingCore.swift; sourceTree = "<group>"; };
		D184800D27CA781500213DD0 /* AwesomeTabItemStyle.swift */ = {isa = PBXFileReference; lastKnownFileType = sourcecode.swift; path = AwesomeTabItemStyle.swift; sourceTree = "<group>"; };
		D184800F27CA782B00213DD0 /* AwesomeTabBarStyle.swift */ = {isa = PBXFileReference; lastKnownFileType = sourcecode.swift; path = AwesomeTabBarStyle.swift; sourceTree = "<group>"; };
		D184809727CD105200213DD0 /* Image+.swift */ = {isa = PBXFileReference; lastKnownFileType = sourcecode.swift; path = "Image+.swift"; sourceTree = "<group>"; };
		D184809B27CD120100213DD0 /* AwesomeTabType.swift */ = {isa = PBXFileReference; lastKnownFileType = sourcecode.swift; path = AwesomeTabType.swift; sourceTree = "<group>"; };
		D184809E27CD186000213DD0 /* AwesomeButtonType.swift */ = {isa = PBXFileReference; lastKnownFileType = sourcecode.swift; path = AwesomeButtonType.swift; sourceTree = "<group>"; };
		D18480A027CD191D00213DD0 /* AwesomeButtonStyle.swift */ = {isa = PBXFileReference; lastKnownFileType = sourcecode.swift; path = AwesomeButtonStyle.swift; sourceTree = "<group>"; };
		D18480A227CD19E900213DD0 /* RadioButtonView.swift */ = {isa = PBXFileReference; lastKnownFileType = sourcecode.swift; path = RadioButtonView.swift; sourceTree = "<group>"; };
		D1C47B4E27CE76400006B7A3 /* ChartView.swift */ = {isa = PBXFileReference; lastKnownFileType = sourcecode.swift; path = ChartView.swift; sourceTree = "<group>"; };
		D1C47B5027CE76480006B7A3 /* QuoteView.swift */ = {isa = PBXFileReference; lastKnownFileType = sourcecode.swift; path = QuoteView.swift; sourceTree = "<group>"; };
		D1C47B5227CE76530006B7A3 /* ConclusionView.swift */ = {isa = PBXFileReference; lastKnownFileType = sourcecode.swift; path = ConclusionView.swift; sourceTree = "<group>"; };
		D1C47B5427CE76650006B7A3 /* ChartStore.swift */ = {isa = PBXFileReference; lastKnownFileType = sourcecode.swift; path = ChartStore.swift; sourceTree = "<group>"; };
		D1C47B5627CE766E0006B7A3 /* QuoteStore.swift */ = {isa = PBXFileReference; lastKnownFileType = sourcecode.swift; path = QuoteStore.swift; sourceTree = "<group>"; };
		D1C47B5827CE76760006B7A3 /* ConclusionStore.swift */ = {isa = PBXFileReference; lastKnownFileType = sourcecode.swift; path = ConclusionStore.swift; sourceTree = "<group>"; };
		D1D952AF27D08EFC00149BEC /* TickerResponse.swift */ = {isa = PBXFileReference; lastKnownFileType = sourcecode.swift; path = TickerResponse.swift; sourceTree = "<group>"; };
		D1D952B127D08F6D00149BEC /* HomeService.swift */ = {isa = PBXFileReference; lastKnownFileType = sourcecode.swift; path = HomeService.swift; sourceTree = "<group>"; };
/* End PBXFileReference section */

/* Begin PBXFrameworksBuildPhase section */
		D17C651E27C52800007705A7 /* Frameworks */ = {
			isa = PBXFrameworksBuildPhase;
			buildActionMask = 2147483647;
			files = (
				D1847FF527CA736100213DD0 /* ComposableArchitecture in Frameworks */,
				D17C653427C52871007705A7 /* Alamofire in Frameworks */,
				D17C653A27C529B6007705A7 /* Charts in Frameworks */,
				D17C653D27C52B01007705A7 /* TabBar in Frameworks */,
				D17C653727C5294D007705A7 /* Starscream in Frameworks */,
			);
			runOnlyForDeploymentPostprocessing = 0;
		};
/* End PBXFrameworksBuildPhase section */

/* Begin PBXGroup section */
		C6A7AD7227CE53F800851AA9 /* ANavigationBar */ = {
			isa = PBXGroup;
			children = (
				C6A7AD7327CE541700851AA9 /* ANavigationBarView.swift */,
			);
			path = ANavigationBar;
			sourceTree = "<group>";
		};
		C6A7AD7527CE575C00851AA9 /* Detail */ = {
			isa = PBXGroup;
			children = (
				C6A7AD7627CE577000851AA9 /* DetailView.swift */,
				C6A7AD7827CE578800851AA9 /* DetailCore.swift */,
				C6B6A1EB27CE694E00C4303F /* PriceView.swift */,
				D1C47B4B27CE76060006B7A3 /* Chart */,
				D1C47B4C27CE76220006B7A3 /* Quote */,
				D1C47B4D27CE76280006B7A3 /* Conclusion */,
			);
			path = Detail;
			sourceTree = "<group>";
		};
		C6A7AD7C27CE5C6700851AA9 /* FavoriteButton */ = {
			isa = PBXGroup;
			children = (
				C6A7AD7D27CE5C6D00851AA9 /* FavoriteButton.swift */,
				C6A7AD7F27CE5CA400851AA9 /* FavoriteButtonCore.swift */,
			);
			path = FavoriteButton;
			sourceTree = "<group>";
		};
		C6DA630A27C7D02C00E6DD98 /* Extension */ = {
			isa = PBXGroup;
			children = (
				C6DA630B27C7D03D00E6DD98 /* Color+.swift */,
				C6DA630D27C7D47400E6DD98 /* Font+.swift */,
				D184809727CD105200213DD0 /* Image+.swift */,
				C6A7AD7A27CE58F200851AA9 /* UINavigationController+.swift */,
			);
			path = Extension;
			sourceTree = "<group>";
		};
		D10E600927D0843000B68BCF /* TickerRow */ = {
			isa = PBXGroup;
			children = (
				D10E600A27D0844600B68BCF /* TickerRowView.swift */,
				D10E600C27D0850B00B68BCF /* TickerRowCore.swift */,
			);
			path = TickerRow;
			sourceTree = "<group>";
		};
		D10E601127D0874600B68BCF /* FlatLink */ = {
			isa = PBXGroup;
			children = (
				D10E601227D0875100B68BCF /* FlatLinkStyle.swift */,
			);
			path = FlatLink;
			sourceTree = "<group>";
		};
		D17C651827C52800007705A7 = {
			isa = PBXGroup;
			children = (
				D17C652327C52800007705A7 /* BithumbAwesome */,
				D17C652227C52800007705A7 /* Products */,
			);
			indentWidth = 2;
			sourceTree = "<group>";
			tabWidth = 2;
		};
		D17C652227C52800007705A7 /* Products */ = {
			isa = PBXGroup;
			children = (
				D17C652127C52800007705A7 /* BithumbAwesome.app */,
			);
			name = Products;
			sourceTree = "<group>";
		};
		D17C652327C52800007705A7 /* BithumbAwesome */ = {
			isa = PBXGroup;
			children = (
				D17C652427C52800007705A7 /* BithumbAwesomeApp.swift */,
				D1847FFA27CA74EE00213DD0 /* View */,
				D184809927CD115500213DD0 /* Custom */,
				C6DA630A27C7D02C00E6DD98 /* Extension */,
				D17C652827C52803007705A7 /* Assets.xcassets */,
				D17C652A27C52803007705A7 /* Preview Content */,
			);
			path = BithumbAwesome;
			sourceTree = "<group>";
		};
		D17C652A27C52803007705A7 /* Preview Content */ = {
			isa = PBXGroup;
			children = (
				D17C652B27C52803007705A7 /* Preview Assets.xcassets */,
			);
			path = "Preview Content";
			sourceTree = "<group>";
		};
		D1847FFA27CA74EE00213DD0 /* View */ = {
			isa = PBXGroup;
			children = (
				D1847FFC27CA74FB00213DD0 /* Tab */,
				D1847FFB27CA74F600213DD0 /* Home */,
				C6A7AD7527CE575C00851AA9 /* Detail */,
				D1847FFD27CA751100213DD0 /* Asset */,
				D1847FFE27CA751F00213DD0 /* Setting */,
			);
			path = View;
			sourceTree = "<group>";
		};
		D1847FFB27CA74F600213DD0 /* Home */ = {
			isa = PBXGroup;
			children = (
				D184800127CA75B400213DD0 /* HomeView.swift */,
				D184800327CA75BE00213DD0 /* HomeCore.swift */,
				D10E600927D0843000B68BCF /* TickerRow */,
				D1D952AF27D08EFC00149BEC /* TickerResponse.swift */,
				D15D4FAE27D0905700E5E687 /* Ticker.swift */,
				D1D952B127D08F6D00149BEC /* HomeService.swift */,
			);
			path = Home;
			sourceTree = "<group>";
		};
		D1847FFC27CA74FB00213DD0 /* Tab */ = {
			isa = PBXGroup;
			children = (
				D17C652627C52800007705A7 /* AppView.swift */,
				D1847FFF27CA759B00213DD0 /* AppCore.swift */,
			);
			path = Tab;
			sourceTree = "<group>";
		};
		D1847FFD27CA751100213DD0 /* Asset */ = {
			isa = PBXGroup;
			children = (
				D184800527CA75C700213DD0 /* AssetView.swift */,
				D184800727CA75D000213DD0 /* AseetCore.swift */,
			);
			path = Asset;
			sourceTree = "<group>";
		};
		D1847FFE27CA751F00213DD0 /* Setting */ = {
			isa = PBXGroup;
			children = (
				D184800927CA75E000213DD0 /* SettingView.swift */,
				D184800B27CA75EA00213DD0 /* SettingCore.swift */,
			);
			path = Setting;
			sourceTree = "<group>";
		};
		D184809927CD115500213DD0 /* Custom */ = {
			isa = PBXGroup;
			children = (
				D10E601127D0874600B68BCF /* FlatLink */,
				C6A7AD7C27CE5C6700851AA9 /* FavoriteButton */,
				C6A7AD7227CE53F800851AA9 /* ANavigationBar */,
				D184809A27CD11D600213DD0 /* AwesomeTab */,
				D184809D27CD184A00213DD0 /* AwesomeButton */,
			);
			path = Custom;
			sourceTree = "<group>";
		};
		D184809A27CD11D600213DD0 /* AwesomeTab */ = {
			isa = PBXGroup;
			children = (
				D184809B27CD120100213DD0 /* AwesomeTabType.swift */,
				D184800F27CA782B00213DD0 /* AwesomeTabBarStyle.swift */,
				D184800D27CA781500213DD0 /* AwesomeTabItemStyle.swift */,
			);
			path = AwesomeTab;
			sourceTree = "<group>";
		};
		D184809D27CD184A00213DD0 /* AwesomeButton */ = {
			isa = PBXGroup;
			children = (
				D184809E27CD186000213DD0 /* AwesomeButtonType.swift */,
				D18480A027CD191D00213DD0 /* AwesomeButtonStyle.swift */,
				D18480A227CD19E900213DD0 /* RadioButtonView.swift */,
			);
			path = AwesomeButton;
			sourceTree = "<group>";
		};
		D1C47B4B27CE76060006B7A3 /* Chart */ = {
			isa = PBXGroup;
			children = (
				D1C47B4E27CE76400006B7A3 /* ChartView.swift */,
				D1C47B5427CE76650006B7A3 /* ChartStore.swift */,
			);
			path = Chart;
			sourceTree = "<group>";
		};
		D1C47B4C27CE76220006B7A3 /* Quote */ = {
			isa = PBXGroup;
			children = (
				D1C47B5027CE76480006B7A3 /* QuoteView.swift */,
				D1C47B5627CE766E0006B7A3 /* QuoteStore.swift */,
			);
			path = Quote;
			sourceTree = "<group>";
		};
		D1C47B4D27CE76280006B7A3 /* Conclusion */ = {
			isa = PBXGroup;
			children = (
				D1C47B5227CE76530006B7A3 /* ConclusionView.swift */,
				D1C47B5827CE76760006B7A3 /* ConclusionStore.swift */,
			);
			path = Conclusion;
			sourceTree = "<group>";
		};
/* End PBXGroup section */

/* Begin PBXNativeTarget section */
		D17C652027C52800007705A7 /* BithumbAwesome */ = {
			isa = PBXNativeTarget;
			buildConfigurationList = D17C652F27C52803007705A7 /* Build configuration list for PBXNativeTarget "BithumbAwesome" */;
			buildPhases = (
				D17C651D27C52800007705A7 /* Sources */,
				D17C651E27C52800007705A7 /* Frameworks */,
				D17C651F27C52800007705A7 /* Resources */,
			);
			buildRules = (
			);
			dependencies = (
			);
			name = BithumbAwesome;
			packageProductDependencies = (
				D17C653327C52871007705A7 /* Alamofire */,
				D17C653627C5294D007705A7 /* Starscream */,
				D17C653927C529B6007705A7 /* Charts */,
				D17C653C27C52B01007705A7 /* TabBar */,
				D1847FF427CA736100213DD0 /* ComposableArchitecture */,
			);
			productName = BithumbAwesome;
			productReference = D17C652127C52800007705A7 /* BithumbAwesome.app */;
			productType = "com.apple.product-type.application";
		};
/* End PBXNativeTarget section */

/* Begin PBXProject section */
		D17C651927C52800007705A7 /* Project object */ = {
			isa = PBXProject;
			attributes = {
				BuildIndependentTargetsInParallel = 1;
				LastSwiftUpdateCheck = 1320;
				LastUpgradeCheck = 1320;
				TargetAttributes = {
					D17C652027C52800007705A7 = {
						CreatedOnToolsVersion = 13.2.1;
					};
				};
			};
			buildConfigurationList = D17C651C27C52800007705A7 /* Build configuration list for PBXProject "BithumbAwesome" */;
			compatibilityVersion = "Xcode 13.0";
			developmentRegion = en;
			hasScannedForEncodings = 0;
			knownRegions = (
				en,
				Base,
			);
			mainGroup = D17C651827C52800007705A7;
			packageReferences = (
				D17C653227C52871007705A7 /* XCRemoteSwiftPackageReference "Alamofire" */,
				D17C653527C5294D007705A7 /* XCRemoteSwiftPackageReference "Starscream" */,
				D17C653827C529B6007705A7 /* XCRemoteSwiftPackageReference "Charts" */,
				D17C653B27C52B01007705A7 /* XCRemoteSwiftPackageReference "TabBar" */,
				D1847FF327CA736100213DD0 /* XCRemoteSwiftPackageReference "swift-composable-architecture" */,
			);
			productRefGroup = D17C652227C52800007705A7 /* Products */;
			projectDirPath = "";
			projectRoot = "";
			targets = (
				D17C652027C52800007705A7 /* BithumbAwesome */,
			);
		};
/* End PBXProject section */

/* Begin PBXResourcesBuildPhase section */
		D17C651F27C52800007705A7 /* Resources */ = {
			isa = PBXResourcesBuildPhase;
			buildActionMask = 2147483647;
			files = (
				D17C652C27C52803007705A7 /* Preview Assets.xcassets in Resources */,
				D17C652927C52803007705A7 /* Assets.xcassets in Resources */,
			);
			runOnlyForDeploymentPostprocessing = 0;
		};
/* End PBXResourcesBuildPhase section */

/* Begin PBXSourcesBuildPhase section */
		D17C651D27C52800007705A7 /* Sources */ = {
			isa = PBXSourcesBuildPhase;
			buildActionMask = 2147483647;
			files = (
				C6A7AD8027CE5CA400851AA9 /* FavoriteButtonCore.swift in Sources */,
				D1C47B4F27CE76400006B7A3 /* ChartView.swift in Sources */,
				D184800E27CA781500213DD0 /* AwesomeTabItemStyle.swift in Sources */,
				D10E600B27D0844600B68BCF /* TickerRowView.swift in Sources */,
				D184809F27CD186000213DD0 /* AwesomeButtonType.swift in Sources */,
				D184800827CA75D000213DD0 /* AseetCore.swift in Sources */,
				D1D952B227D08F6D00149BEC /* HomeService.swift in Sources */,
				D1C47B5527CE76650006B7A3 /* ChartStore.swift in Sources */,
				C6B6A1EC27CE694E00C4303F /* PriceView.swift in Sources */,
				D184800A27CA75E000213DD0 /* SettingView.swift in Sources */,
				D1C47B5127CE76480006B7A3 /* QuoteView.swift in Sources */,
				D184800427CA75BE00213DD0 /* HomeCore.swift in Sources */,
				C6DA630E27C7D47400E6DD98 /* Font+.swift in Sources */,
				D17C652727C52800007705A7 /* AppView.swift in Sources */,
				D184809C27CD120100213DD0 /* AwesomeTabType.swift in Sources */,
				D10E601327D0875100B68BCF /* FlatLinkStyle.swift in Sources */,
				D17C652527C52800007705A7 /* BithumbAwesomeApp.swift in Sources */,
				D18480A127CD191D00213DD0 /* AwesomeButtonStyle.swift in Sources */,
				D184800C27CA75EA00213DD0 /* SettingCore.swift in Sources */,
				D15D4FAF27D0905700E5E687 /* Ticker.swift in Sources */,
				C6A7AD7B27CE58F200851AA9 /* UINavigationController+.swift in Sources */,
				D1C47B5927CE76760006B7A3 /* ConclusionStore.swift in Sources */,
				D184800227CA75B400213DD0 /* HomeView.swift in Sources */,
				D18480A327CD19E900213DD0 /* RadioButtonView.swift in Sources */,
				C6A7AD7727CE577000851AA9 /* DetailView.swift in Sources */,
				D184801027CA782B00213DD0 /* AwesomeTabBarStyle.swift in Sources */,
				D1D952B027D08EFC00149BEC /* TickerResponse.swift in Sources */,
				D184800627CA75C700213DD0 /* AssetView.swift in Sources */,
				D1C47B5727CE766E0006B7A3 /* QuoteStore.swift in Sources */,
				C6A7AD7427CE541700851AA9 /* ANavigationBarView.swift in Sources */,
				D184809827CD105200213DD0 /* Image+.swift in Sources */,
				C6DA630C27C7D03D00E6DD98 /* Color+.swift in Sources */,
				D10E600D27D0850B00B68BCF /* TickerRowCore.swift in Sources */,
				D184800027CA759B00213DD0 /* AppCore.swift in Sources */,
				C6A7AD7927CE578800851AA9 /* DetailCore.swift in Sources */,
				C6A7AD7E27CE5C6D00851AA9 /* FavoriteButton.swift in Sources */,
				D1C47B5327CE76530006B7A3 /* ConclusionView.swift in Sources */,
			);
			runOnlyForDeploymentPostprocessing = 0;
		};
/* End PBXSourcesBuildPhase section */

/* Begin XCBuildConfiguration section */
		D17C652D27C52803007705A7 /* Debug */ = {
			isa = XCBuildConfiguration;
			buildSettings = {
				ALWAYS_SEARCH_USER_PATHS = NO;
				CLANG_ANALYZER_NONNULL = YES;
				CLANG_ANALYZER_NUMBER_OBJECT_CONVERSION = YES_AGGRESSIVE;
				CLANG_CXX_LANGUAGE_STANDARD = "gnu++17";
				CLANG_CXX_LIBRARY = "libc++";
				CLANG_ENABLE_MODULES = YES;
				CLANG_ENABLE_OBJC_ARC = YES;
				CLANG_ENABLE_OBJC_WEAK = YES;
				CLANG_WARN_BLOCK_CAPTURE_AUTORELEASING = YES;
				CLANG_WARN_BOOL_CONVERSION = YES;
				CLANG_WARN_COMMA = YES;
				CLANG_WARN_CONSTANT_CONVERSION = YES;
				CLANG_WARN_DEPRECATED_OBJC_IMPLEMENTATIONS = YES;
				CLANG_WARN_DIRECT_OBJC_ISA_USAGE = YES_ERROR;
				CLANG_WARN_DOCUMENTATION_COMMENTS = YES;
				CLANG_WARN_EMPTY_BODY = YES;
				CLANG_WARN_ENUM_CONVERSION = YES;
				CLANG_WARN_INFINITE_RECURSION = YES;
				CLANG_WARN_INT_CONVERSION = YES;
				CLANG_WARN_NON_LITERAL_NULL_CONVERSION = YES;
				CLANG_WARN_OBJC_IMPLICIT_RETAIN_SELF = YES;
				CLANG_WARN_OBJC_LITERAL_CONVERSION = YES;
				CLANG_WARN_OBJC_ROOT_CLASS = YES_ERROR;
				CLANG_WARN_QUOTED_INCLUDE_IN_FRAMEWORK_HEADER = YES;
				CLANG_WARN_RANGE_LOOP_ANALYSIS = YES;
				CLANG_WARN_STRICT_PROTOTYPES = YES;
				CLANG_WARN_SUSPICIOUS_MOVE = YES;
				CLANG_WARN_UNGUARDED_AVAILABILITY = YES_AGGRESSIVE;
				CLANG_WARN_UNREACHABLE_CODE = YES;
				CLANG_WARN__DUPLICATE_METHOD_MATCH = YES;
				COPY_PHASE_STRIP = NO;
				DEBUG_INFORMATION_FORMAT = dwarf;
				ENABLE_STRICT_OBJC_MSGSEND = YES;
				ENABLE_TESTABILITY = YES;
				GCC_C_LANGUAGE_STANDARD = gnu11;
				GCC_DYNAMIC_NO_PIC = NO;
				GCC_NO_COMMON_BLOCKS = YES;
				GCC_OPTIMIZATION_LEVEL = 0;
				GCC_PREPROCESSOR_DEFINITIONS = (
					"DEBUG=1",
					"$(inherited)",
				);
				GCC_WARN_64_TO_32_BIT_CONVERSION = YES;
				GCC_WARN_ABOUT_RETURN_TYPE = YES_ERROR;
				GCC_WARN_UNDECLARED_SELECTOR = YES;
				GCC_WARN_UNINITIALIZED_AUTOS = YES_AGGRESSIVE;
				GCC_WARN_UNUSED_FUNCTION = YES;
				GCC_WARN_UNUSED_VARIABLE = YES;
				IPHONEOS_DEPLOYMENT_TARGET = 15.2;
				MTL_ENABLE_DEBUG_INFO = INCLUDE_SOURCE;
				MTL_FAST_MATH = YES;
				ONLY_ACTIVE_ARCH = YES;
				SDKROOT = iphoneos;
				SWIFT_ACTIVE_COMPILATION_CONDITIONS = DEBUG;
				SWIFT_OPTIMIZATION_LEVEL = "-Onone";
			};
			name = Debug;
		};
		D17C652E27C52803007705A7 /* Release */ = {
			isa = XCBuildConfiguration;
			buildSettings = {
				ALWAYS_SEARCH_USER_PATHS = NO;
				CLANG_ANALYZER_NONNULL = YES;
				CLANG_ANALYZER_NUMBER_OBJECT_CONVERSION = YES_AGGRESSIVE;
				CLANG_CXX_LANGUAGE_STANDARD = "gnu++17";
				CLANG_CXX_LIBRARY = "libc++";
				CLANG_ENABLE_MODULES = YES;
				CLANG_ENABLE_OBJC_ARC = YES;
				CLANG_ENABLE_OBJC_WEAK = YES;
				CLANG_WARN_BLOCK_CAPTURE_AUTORELEASING = YES;
				CLANG_WARN_BOOL_CONVERSION = YES;
				CLANG_WARN_COMMA = YES;
				CLANG_WARN_CONSTANT_CONVERSION = YES;
				CLANG_WARN_DEPRECATED_OBJC_IMPLEMENTATIONS = YES;
				CLANG_WARN_DIRECT_OBJC_ISA_USAGE = YES_ERROR;
				CLANG_WARN_DOCUMENTATION_COMMENTS = YES;
				CLANG_WARN_EMPTY_BODY = YES;
				CLANG_WARN_ENUM_CONVERSION = YES;
				CLANG_WARN_INFINITE_RECURSION = YES;
				CLANG_WARN_INT_CONVERSION = YES;
				CLANG_WARN_NON_LITERAL_NULL_CONVERSION = YES;
				CLANG_WARN_OBJC_IMPLICIT_RETAIN_SELF = YES;
				CLANG_WARN_OBJC_LITERAL_CONVERSION = YES;
				CLANG_WARN_OBJC_ROOT_CLASS = YES_ERROR;
				CLANG_WARN_QUOTED_INCLUDE_IN_FRAMEWORK_HEADER = YES;
				CLANG_WARN_RANGE_LOOP_ANALYSIS = YES;
				CLANG_WARN_STRICT_PROTOTYPES = YES;
				CLANG_WARN_SUSPICIOUS_MOVE = YES;
				CLANG_WARN_UNGUARDED_AVAILABILITY = YES_AGGRESSIVE;
				CLANG_WARN_UNREACHABLE_CODE = YES;
				CLANG_WARN__DUPLICATE_METHOD_MATCH = YES;
				COPY_PHASE_STRIP = NO;
				DEBUG_INFORMATION_FORMAT = "dwarf-with-dsym";
				ENABLE_NS_ASSERTIONS = NO;
				ENABLE_STRICT_OBJC_MSGSEND = YES;
				GCC_C_LANGUAGE_STANDARD = gnu11;
				GCC_NO_COMMON_BLOCKS = YES;
				GCC_WARN_64_TO_32_BIT_CONVERSION = YES;
				GCC_WARN_ABOUT_RETURN_TYPE = YES_ERROR;
				GCC_WARN_UNDECLARED_SELECTOR = YES;
				GCC_WARN_UNINITIALIZED_AUTOS = YES_AGGRESSIVE;
				GCC_WARN_UNUSED_FUNCTION = YES;
				GCC_WARN_UNUSED_VARIABLE = YES;
				IPHONEOS_DEPLOYMENT_TARGET = 15.2;
				MTL_ENABLE_DEBUG_INFO = NO;
				MTL_FAST_MATH = YES;
				SDKROOT = iphoneos;
				SWIFT_COMPILATION_MODE = wholemodule;
				SWIFT_OPTIMIZATION_LEVEL = "-O";
				VALIDATE_PRODUCT = YES;
			};
			name = Release;
		};
		D17C653027C52803007705A7 /* Debug */ = {
			isa = XCBuildConfiguration;
			buildSettings = {
				ASSETCATALOG_COMPILER_APPICON_NAME = AppIcon;
				ASSETCATALOG_COMPILER_GLOBAL_ACCENT_COLOR_NAME = AccentColor;
				CODE_SIGN_STYLE = Automatic;
				CURRENT_PROJECT_VERSION = 1;
				DEVELOPMENT_ASSET_PATHS = "\"BithumbAwesome/Preview Content\"";
				DEVELOPMENT_TEAM = 269D672VZ4;
				ENABLE_PREVIEWS = YES;
				GENERATE_INFOPLIST_FILE = YES;
				INFOPLIST_KEY_UIApplicationSceneManifest_Generation = YES;
				INFOPLIST_KEY_UIApplicationSupportsIndirectInputEvents = YES;
				INFOPLIST_KEY_UILaunchScreen_Generation = YES;
				INFOPLIST_KEY_UISupportedInterfaceOrientations_iPad = "UIInterfaceOrientationPortrait UIInterfaceOrientationPortraitUpsideDown UIInterfaceOrientationLandscapeLeft UIInterfaceOrientationLandscapeRight";
				INFOPLIST_KEY_UISupportedInterfaceOrientations_iPhone = "UIInterfaceOrientationPortrait UIInterfaceOrientationLandscapeLeft UIInterfaceOrientationLandscapeRight";
				IPHONEOS_DEPLOYMENT_TARGET = 14.0;
				LD_RUNPATH_SEARCH_PATHS = (
					"$(inherited)",
					"@executable_path/Frameworks",
				);
				MARKETING_VERSION = 1.0;
				PRODUCT_BUNDLE_IDENTIFIER = com.ohttKangkyung.BithumbAwesome;
				PRODUCT_NAME = "$(TARGET_NAME)";
				SWIFT_EMIT_LOC_STRINGS = YES;
				SWIFT_VERSION = 5.0;
				TARGETED_DEVICE_FAMILY = "1,2";
			};
			name = Debug;
		};
		D17C653127C52803007705A7 /* Release */ = {
			isa = XCBuildConfiguration;
			buildSettings = {
				ASSETCATALOG_COMPILER_APPICON_NAME = AppIcon;
				ASSETCATALOG_COMPILER_GLOBAL_ACCENT_COLOR_NAME = AccentColor;
				CODE_SIGN_STYLE = Automatic;
				CURRENT_PROJECT_VERSION = 1;
				DEVELOPMENT_ASSET_PATHS = "\"BithumbAwesome/Preview Content\"";
				DEVELOPMENT_TEAM = 269D672VZ4;
				ENABLE_PREVIEWS = YES;
				GENERATE_INFOPLIST_FILE = YES;
				INFOPLIST_KEY_UIApplicationSceneManifest_Generation = YES;
				INFOPLIST_KEY_UIApplicationSupportsIndirectInputEvents = YES;
				INFOPLIST_KEY_UILaunchScreen_Generation = YES;
				INFOPLIST_KEY_UISupportedInterfaceOrientations_iPad = "UIInterfaceOrientationPortrait UIInterfaceOrientationPortraitUpsideDown UIInterfaceOrientationLandscapeLeft UIInterfaceOrientationLandscapeRight";
				INFOPLIST_KEY_UISupportedInterfaceOrientations_iPhone = "UIInterfaceOrientationPortrait UIInterfaceOrientationLandscapeLeft UIInterfaceOrientationLandscapeRight";
				IPHONEOS_DEPLOYMENT_TARGET = 14.0;
				LD_RUNPATH_SEARCH_PATHS = (
					"$(inherited)",
					"@executable_path/Frameworks",
				);
				MARKETING_VERSION = 1.0;
				PRODUCT_BUNDLE_IDENTIFIER = com.ohttKangkyung.BithumbAwesome;
				PRODUCT_NAME = "$(TARGET_NAME)";
				SWIFT_EMIT_LOC_STRINGS = YES;
				SWIFT_VERSION = 5.0;
				TARGETED_DEVICE_FAMILY = "1,2";
			};
			name = Release;
		};
/* End XCBuildConfiguration section */

/* Begin XCConfigurationList section */
		D17C651C27C52800007705A7 /* Build configuration list for PBXProject "BithumbAwesome" */ = {
			isa = XCConfigurationList;
			buildConfigurations = (
				D17C652D27C52803007705A7 /* Debug */,
				D17C652E27C52803007705A7 /* Release */,
			);
			defaultConfigurationIsVisible = 0;
			defaultConfigurationName = Release;
		};
		D17C652F27C52803007705A7 /* Build configuration list for PBXNativeTarget "BithumbAwesome" */ = {
			isa = XCConfigurationList;
			buildConfigurations = (
				D17C653027C52803007705A7 /* Debug */,
				D17C653127C52803007705A7 /* Release */,
			);
			defaultConfigurationIsVisible = 0;
			defaultConfigurationName = Release;
		};
/* End XCConfigurationList section */

/* Begin XCRemoteSwiftPackageReference section */
		D17C653227C52871007705A7 /* XCRemoteSwiftPackageReference "Alamofire" */ = {
			isa = XCRemoteSwiftPackageReference;
			repositoryURL = "https://github.com/Alamofire/Alamofire.git";
			requirement = {
				kind = upToNextMajorVersion;
				minimumVersion = 5.0.0;
			};
		};
		D17C653527C5294D007705A7 /* XCRemoteSwiftPackageReference "Starscream" */ = {
			isa = XCRemoteSwiftPackageReference;
			repositoryURL = "https://github.com/daltoniam/Starscream";
			requirement = {
				kind = upToNextMajorVersion;
				minimumVersion = 4.0.0;
			};
		};
		D17C653827C529B6007705A7 /* XCRemoteSwiftPackageReference "Charts" */ = {
			isa = XCRemoteSwiftPackageReference;
			repositoryURL = "https://github.com/danielgindi/Charts";
			requirement = {
				kind = upToNextMajorVersion;
				minimumVersion = 3.0.0;
			};
		};
		D17C653B27C52B01007705A7 /* XCRemoteSwiftPackageReference "TabBar" */ = {
			isa = XCRemoteSwiftPackageReference;
			repositoryURL = "https://github.com/onl1ner/TabBar";
			requirement = {
				kind = upToNextMajorVersion;
				minimumVersion = 1.0.0;
			};
		};
		D1847FF327CA736100213DD0 /* XCRemoteSwiftPackageReference "swift-composable-architecture" */ = {
			isa = XCRemoteSwiftPackageReference;
			repositoryURL = "https://github.com/pointfreeco/swift-composable-architecture";
			requirement = {
				kind = upToNextMajorVersion;
				minimumVersion = 0.9.0;
			};
		};
/* End XCRemoteSwiftPackageReference section */

/* Begin XCSwiftPackageProductDependency section */
		D17C653327C52871007705A7 /* Alamofire */ = {
			isa = XCSwiftPackageProductDependency;
			package = D17C653227C52871007705A7 /* XCRemoteSwiftPackageReference "Alamofire" */;
			productName = Alamofire;
		};
		D17C653627C5294D007705A7 /* Starscream */ = {
			isa = XCSwiftPackageProductDependency;
			package = D17C653527C5294D007705A7 /* XCRemoteSwiftPackageReference "Starscream" */;
			productName = Starscream;
		};
		D17C653927C529B6007705A7 /* Charts */ = {
			isa = XCSwiftPackageProductDependency;
			package = D17C653827C529B6007705A7 /* XCRemoteSwiftPackageReference "Charts" */;
			productName = Charts;
		};
		D17C653C27C52B01007705A7 /* TabBar */ = {
			isa = XCSwiftPackageProductDependency;
			package = D17C653B27C52B01007705A7 /* XCRemoteSwiftPackageReference "TabBar" */;
			productName = TabBar;
		};
		D1847FF427CA736100213DD0 /* ComposableArchitecture */ = {
			isa = XCSwiftPackageProductDependency;
			package = D1847FF327CA736100213DD0 /* XCRemoteSwiftPackageReference "swift-composable-architecture" */;
			productName = ComposableArchitecture;
		};
/* End XCSwiftPackageProductDependency section */
	};
	rootObject = D17C651927C52800007705A7 /* Project object */;
}
